Microsoft Visual Studio Solution File, Format Version 12.00
# Visual Studio Version 17
VisualStudioVersion = 17.5.2.0
MinimumVisualStudioVersion = 10.0.40219.1
Project("{FAE04EC0-301F-11D3-BF4B-00C04F79EFBC}") = "HM3", "HM3.csproj", "{9D726371-9982-5DA8-6D01-6831B89F0B1B}"
EndProject
Global
	GlobalSection(SolutionConfigurationPlatforms) = preSolution
		Debug|Any CPU = Debug|Any CPU
		Release|Any CPU = Release|Any CPU
	EndGlobalSection
	GlobalSection(ProjectConfigurationPlatforms) = postSolution
		{9D726371-9982-5DA8-6D01-6831B89F0B1B}.Debug|Any CPU.ActiveCfg = Debug|Any CPU
		{9D726371-9982-5DA8-6D01-6831B89F0B1B}.Debug|Any CPU.Build.0 = Debug|Any CPU
		{9D726371-9982-5DA8-6D01-6831B89F0B1B}.Release|Any CPU.ActiveCfg = Release|Any CPU
		{9D726371-9982-5DA8-6D01-6831B89F0B1B}.Release|Any CPU.Build.0 = Release|Any CPU
	EndGlobalSection
	GlobalSection(SolutionProperties) = preSolution
		HideSolutionNode = FALSE
	EndGlobalSection
	GlobalSection(ExtensibilityGlobals) = postSolution
		SolutionGuid = {A262281A-4FE2-42B4-BE3A-4BE1B0DCF61F}
	EndGlobalSection
EndGlobal
