Microsoft Visual Studio Solution File, Format Version 12.00
# Visual Studio Version 17
VisualStudioVersion = 17.5.2.0
MinimumVisualStudioVersion = 10.0.40219.1
Project("{FAE04EC0-301F-11D3-BF4B-00C04F79EFBC}") = "HM1", "HM1.csproj", "{8FF253C5-A1F0-DB61-BCF1-5598A376F25D}"
EndProject
Global
	GlobalSection(SolutionConfigurationPlatforms) = preSolution
		Debug|Any CPU = Debug|Any CPU
		Release|Any CPU = Release|Any CPU
	EndGlobalSection
	GlobalSection(ProjectConfigurationPlatforms) = postSolution
		{8FF253C5-A1F0-DB61-BCF1-5598A376F25D}.Debug|Any CPU.ActiveCfg = Debug|Any CPU
		{8FF253C5-A1F0-DB61-BCF1-5598A376F25D}.Debug|Any CPU.Build.0 = Debug|Any CPU
		{8FF253C5-A1F0-DB61-BCF1-5598A376F25D}.Release|Any CPU.ActiveCfg = Release|Any CPU
		{8FF253C5-A1F0-DB61-BCF1-5598A376F25D}.Release|Any CPU.Build.0 = Release|Any CPU
	EndGlobalSection
	GlobalSection(SolutionProperties) = preSolution
		HideSolutionNode = FALSE
	EndGlobalSection
	GlobalSection(ExtensibilityGlobals) = postSolution
		SolutionGuid = {EFE314DE-A7EC-4BBF-B3A3-8200E7CBE735}
	EndGlobalSection
EndGlobal
